
Microsoft Visual Studio Solution File, Format Version 12.00
# Visual Studio Version 16
VisualStudioVersion = 16.0.30204.135
MinimumVisualStudioVersion = 10.0.40219.1
Project("{FAE04EC0-301F-11D3-BF4B-00C04F79EFBC}") = "SoftUni", "2. Database First\SoftUni.csproj", "{DE6D0F16-C967-4B80-8C8C-29C1D497A816}"
EndProject
Global
	GlobalSection(SolutionConfigurationPlatforms) = preSolution
		Debug|Any CPU = Debug|Any CPU
		Release|Any CPU = Release|Any CPU
	EndGlobalSection
	GlobalSection(ProjectConfigurationPlatforms) = postSolution
		{DE6D0F16-C967-4B80-8C8C-29C1D497A816}.Debug|Any CPU.ActiveCfg = Debug|Any CPU
		{DE6D0F16-C967-4B80-8C8C-29C1D497A816}.Debug|Any CPU.Build.0 = Debug|Any CPU
		{DE6D0F16-C967-4B80-8C8C-29C1D497A816}.Release|Any CPU.ActiveCfg = Release|Any CPU
		{DE6D0F16-C967-4B80-8C8C-29C1D497A816}.Release|Any CPU.Build.0 = Release|Any CPU
	EndGlobalSection
	GlobalSection(SolutionProperties) = preSolution
		HideSolutionNode = FALSE
	EndGlobalSection
	GlobalSection(ExtensibilityGlobals) = postSolution
		SolutionGuid = {B8ECD74E-329B-4D47-92C0-3D555AC878F5}
	EndGlobalSection
EndGlobal
